// !$*UTF8*$!
{
	archiveVersion = 1;
	classes = {
	};
	objectVersion = 51;
	objects = {

/* Begin PBXBuildFile section */
		6050F90F26592EA400906B8D /* AppDelegate.swift in Sources */ = {isa = PBXBuildFile; fileRef = 6050F90E26592EA400906B8D /* AppDelegate.swift */; };
		6050F91126592EA400906B8D /* SceneDelegate.swift in Sources */ = {isa = PBXBuildFile; fileRef = 6050F91026592EA400906B8D /* SceneDelegate.swift */; };
		6050F91326592EA400906B8D /* ViewController.swift in Sources */ = {isa = PBXBuildFile; fileRef = 6050F91226592EA400906B8D /* ViewController.swift */; };
		6050F91626592EA400906B8D /* Main.storyboard in Resources */ = {isa = PBXBuildFile; fileRef = 6050F91426592EA400906B8D /* Main.storyboard */; };
		6050F91826592EA400906B8D /* Assets.xcassets in Resources */ = {isa = PBXBuildFile; fileRef = 6050F91726592EA400906B8D /* Assets.xcassets */; };
		6050F91B26592EA400906B8D /* LaunchScreen.storyboard in Resources */ = {isa = PBXBuildFile; fileRef = 6050F91926592EA400906B8D /* LaunchScreen.storyboard */; };
		B44A2E24BB97A3770E6EDAC9 /* Pods_Ch02_Observable.framework in Frameworks */ = {isa = PBXBuildFile; fileRef = 300AA4019DA7D22D2DC623A5 /* Pods_Ch02_Observable.framework */; };
/* End PBXBuildFile section */

/* Begin PBXFileReference section */
		13EFFCC652463E61F00BAB3E /* Pods-Ch02_Observable.release.xcconfig */ = {isa = PBXFileReference; includeInIndex = 1; lastKnownFileType = text.xcconfig; name = "Pods-Ch02_Observable.release.xcconfig"; path = "Target Support Files/Pods-Ch02_Observable/Pods-Ch02_Observable.release.xcconfig"; sourceTree = "<group>"; };
		300AA4019DA7D22D2DC623A5 /* Pods_Ch02_Observable.framework */ = {isa = PBXFileReference; explicitFileType = wrapper.framework; includeInIndex = 0; path = Pods_Ch02_Observable.framework; sourceTree = BUILT_PRODUCTS_DIR; };
		600AA9082659363D0059F343 /* Ch02_Observable.playground */ = {isa = PBXFileReference; lastKnownFileType = file.playground; path = Ch02_Observable.playground; sourceTree = "<group>"; xcLanguageSpecificationIdentifier = xcode.lang.swift; };
		6050F90B26592EA400906B8D /* Ch02_Observable.app */ = {isa = PBXFileReference; explicitFileType = wrapper.application; includeInIndex = 0; path = Ch02_Observable.app; sourceTree = BUILT_PRODUCTS_DIR; };
		6050F90E26592EA400906B8D /* AppDelegate.swift */ = {isa = PBXFileReference; lastKnownFileType = sourcecode.swift; path = AppDelegate.swift; sourceTree = "<group>"; };
		6050F91026592EA400906B8D /* SceneDelegate.swift */ = {isa = PBXFileReference; lastKnownFileType = sourcecode.swift; path = SceneDelegate.swift; sourceTree = "<group>"; };
		6050F91226592EA400906B8D /* ViewController.swift */ = {isa = PBXFileReference; lastKnownFileType = sourcecode.swift; path = ViewController.swift; sourceTree = "<group>"; };
		6050F91526592EA400906B8D /* Base */ = {isa = PBXFileReference; lastKnownFileType = file.storyboard; name = Base; path = Base.lproj/Main.storyboard; sourceTree = "<group>"; };
		6050F91726592EA400906B8D /* Assets.xcassets */ = {isa = PBXFileReference; lastKnownFileType = folder.assetcatalog; path = Assets.xcassets; sourceTree = "<group>"; };
		6050F91A26592EA400906B8D /* Base */ = {isa = PBXFileReference; lastKnownFileType = file.storyboard; name = Base; path = Base.lproj/LaunchScreen.storyboard; sourceTree = "<group>"; };
		6050F91C26592EA400906B8D /* Info.plist */ = {isa = PBXFileReference; lastKnownFileType = text.plist.xml; path = Info.plist; sourceTree = "<group>"; };
		992541F6663FEC36E9BDD0AC /* Pods-Ch02_Observable.debug.xcconfig */ = {isa = PBXFileReference; includeInIndex = 1; lastKnownFileType = text.xcconfig; name = "Pods-Ch02_Observable.debug.xcconfig"; path = "Target Support Files/Pods-Ch02_Observable/Pods-Ch02_Observable.debug.xcconfig"; sourceTree = "<group>"; };
/* End PBXFileReference section */

/* Begin PBXFrameworksBuildPhase section */
		6050F90826592EA400906B8D /* Frameworks */ = {
			isa = PBXFrameworksBuildPhase;
			buildActionMask = 2147483647;
			files = (
				B44A2E24BB97A3770E6EDAC9 /* Pods_Ch02_Observable.framework in Frameworks */,
			);
			runOnlyForDeploymentPostprocessing = 0;
		};
/* End PBXFrameworksBuildPhase section */

/* Begin PBXGroup section */
		4557658F01EDDBD758FF2AC2 /* Pods */ = {
			isa = PBXGroup;
			children = (
				992541F6663FEC36E9BDD0AC /* Pods-Ch02_Observable.debug.xcconfig */,
				13EFFCC652463E61F00BAB3E /* Pods-Ch02_Observable.release.xcconfig */,
			);
			path = Pods;
			sourceTree = "<group>";
		};
		6050F90226592EA400906B8D = {
			isa = PBXGroup;
			children = (
				600AA9082659363D0059F343 /* Ch02_Observable.playground */,
				6050F90D26592EA400906B8D /* Ch02_Observable */,
				6050F90C26592EA400906B8D /* Products */,
				4557658F01EDDBD758FF2AC2 /* Pods */,
				76CD81575AB00398CFB88B68 /* Frameworks */,
			);
			sourceTree = "<group>";
		};
		6050F90C26592EA400906B8D /* Products */ = {
			isa = PBXGroup;
			children = (
				6050F90B26592EA400906B8D /* Ch02_Observable.app */,
			);
			name = Products;
			sourceTree = "<group>";
		};
		6050F90D26592EA400906B8D /* Ch02_Observable */ = {
			isa = PBXGroup;
			children = (
				6050F90E26592EA400906B8D /* AppDelegate.swift */,
				6050F91026592EA400906B8D /* SceneDelegate.swift */,
				6050F91226592EA400906B8D /* ViewController.swift */,
				6050F91426592EA400906B8D /* Main.storyboard */,
				6050F91726592EA400906B8D /* Assets.xcassets */,
				6050F91926592EA400906B8D /* LaunchScreen.storyboard */,
				6050F91C26592EA400906B8D /* Info.plist */,
			);
			path = Ch02_Observable;
			sourceTree = "<group>";
		};
		76CD81575AB00398CFB88B68 /* Frameworks */ = {
			isa = PBXGroup;
			children = (
				300AA4019DA7D22D2DC623A5 /* Pods_Ch02_Observable.framework */,
			);
			name = Frameworks;
			sourceTree = "<group>";
		};
/* End PBXGroup section */

/* Begin PBXNativeTarget section */
		6050F90A26592EA400906B8D /* Ch02_Observable */ = {
			isa = PBXNativeTarget;
			buildConfigurationList = 6050F91F26592EA400906B8D /* Build configuration list for PBXNativeTarget "Ch02_Observable" */;
			buildPhases = (
				A3A2B4A984E551FBE90D78B3 /* [CP] Check Pods Manifest.lock */,
				6050F90726592EA400906B8D /* Sources */,
				6050F90826592EA400906B8D /* Frameworks */,
				6050F90926592EA400906B8D /* Resources */,
				15ABC05671E717312B24371D /* [CP] Embed Pods Frameworks */,
			);
			buildRules = (
			);
			dependencies = (
			);
			name = Ch02_Observable;
			productName = Ch02_Observable;
			productReference = 6050F90B26592EA400906B8D /* Ch02_Observable.app */;
			productType = "com.apple.product-type.application";
		};
/* End PBXNativeTarget section */

/* Begin PBXProject section */
		6050F90326592EA400906B8D /* Project object */ = {
			isa = PBXProject;
			attributes = {
				LastSwiftUpdateCheck = 1200;
				LastUpgradeCheck = 1200;
				TargetAttributes = {
					6050F90A26592EA400906B8D = {
						CreatedOnToolsVersion = 12.0.1;
					};
				};
			};
			buildConfigurationList = 6050F90626592EA400906B8D /* Build configuration list for PBXProject "Ch02_Observable" */;
			compatibilityVersion = "Xcode 9.3";
			developmentRegion = en;
			hasScannedForEncodings = 0;
			knownRegions = (
				en,
				Base,
			);
			mainGroup = 6050F90226592EA400906B8D;
			productRefGroup = 6050F90C26592EA400906B8D /* Products */;
			projectDirPath = "";
			projectRoot = "";
			targets = (
				6050F90A26592EA400906B8D /* Ch02_Observable */,
			);
		};
/* End PBXProject section */

/* Begin PBXResourcesBuildPhase section */
		6050F90926592EA400906B8D /* Resources */ = {
			isa = PBXResourcesBuildPhase;
			buildActionMask = 2147483647;
			files = (
				6050F91B26592EA400906B8D /* LaunchScreen.storyboard in Resources */,
				6050F91826592EA400906B8D /* Assets.xcassets in Resources */,
				6050F91626592EA400906B8D /* Main.storyboard in Resources */,
			);
			runOnlyForDeploymentPostprocessing = 0;
		};
/* End PBXResourcesBuildPhase section */

/* Begin PBXShellScriptBuildPhase section */
		15ABC05671E717312B24371D /* [CP] Embed Pods Frameworks */ = {
			isa = PBXShellScriptBuildPhase;
			buildActionMask = 2147483647;
			files = (
			);
			inputFileListPaths = (
				"${PODS_ROOT}/Target Support Files/Pods-Ch02_Observable/Pods-Ch02_Observable-frameworks-${CONFIGURATION}-input-files.xcfilelist",
			);
			name = "[CP] Embed Pods Frameworks";
			outputFileListPaths = (
				"${PODS_ROOT}/Target Support Files/Pods-Ch02_Observable/Pods-Ch02_Observable-frameworks-${CONFIGURATION}-output-files.xcfilelist",
			);
			runOnlyForDeploymentPostprocessing = 0;
			shellPath = /bin/sh;
			shellScript = "\"${PODS_ROOT}/Target Support Files/Pods-Ch02_Observable/Pods-Ch02_Observable-frameworks.sh\"\n";
			showEnvVarsInLog = 0;
		};
		A3A2B4A984E551FBE90D78B3 /* [CP] Check Pods Manifest.lock */ = {
			isa = PBXShellScriptBuildPhase;
			buildActionMask = 2147483647;
			files = (
			);
			inputFileListPaths = (
			);
			inputPaths = (
				"${PODS_PODFILE_DIR_PATH}/Podfile.lock",
				"${PODS_ROOT}/Manifest.lock",
			);
			name = "[CP] Check Pods Manifest.lock";
			outputFileListPaths = (
			);
			outputPaths = (
				"$(DERIVED_FILE_DIR)/Pods-Ch02_Observable-checkManifestLockResult.txt",
			);
			runOnlyForDeploymentPostprocessing = 0;
			shellPath = /bin/sh;
			shellScript = "diff \"${PODS_PODFILE_DIR_PATH}/Podfile.lock\" \"${PODS_ROOT}/Manifest.lock\" > /dev/null\nif [ $? != 0 ] ; then\n    # print error to STDERR\n    echo \"error: The sandbox is not in sync with the Podfile.lock. Run 'pod install' or update your CocoaPods installation.\" >&2\n    exit 1\nfi\n# This output is used by Xcode 'outputs' to avoid re-running this script phase.\necho \"SUCCESS\" > \"${SCRIPT_OUTPUT_FILE_0}\"\n";
			showEnvVarsInLog = 0;
		};
/* End PBXShellScriptBuildPhase section */

/* Begin PBXSourcesBuildPhase section */
		6050F90726592EA400906B8D /* Sources */ = {
			isa = PBXSourcesBuildPhase;
			buildActionMask = 2147483647;
			files = (
				6050F91326592EA400906B8D /* ViewController.swift in Sources */,
				6050F90F26592EA400906B8D /* AppDelegate.swift in Sources */,
				6050F91126592EA400906B8D /* SceneDelegate.swift in Sources */,
			);
			runOnlyForDeploymentPostprocessing = 0;
		};
/* End PBXSourcesBuildPhase section */

/* Begin PBXVariantGroup section */
		6050F91426592EA400906B8D /* Main.storyboard */ = {
			isa = PBXVariantGroup;
			children = (
				6050F91526592EA400906B8D /* Base */,
			);
			name = Main.storyboard;
			sourceTree = "<group>";
		};
		6050F91926592EA400906B8D /* LaunchScreen.storyboard */ = {
			isa = PBXVariantGroup;
			children = (
				6050F91A26592EA400906B8D /* Base */,
			);
			name = LaunchScreen.storyboard;
			sourceTree = "<group>";
		};
/* End PBXVariantGroup section */

/* Begin XCBuildConfiguration section */
		6050F91D26592EA400906B8D /* Debug */ = {
			isa = XCBuildConfiguration;
			buildSettings = {
				ALWAYS_SEARCH_USER_PATHS = NO;
				CLANG_ANALYZER_NONNULL = YES;
				CLANG_ANALYZER_NUMBER_OBJECT_CONVERSION = YES_AGGRESSIVE;
				CLANG_CXX_LANGUAGE_STANDARD = "gnu++14";
				CLANG_CXX_LIBRARY = "libc++";
				CLANG_ENABLE_MODULES = YES;
				CLANG_ENABLE_OBJC_ARC = YES;
				CLANG_ENABLE_OBJC_WEAK = YES;
				CLANG_WARN_BLOCK_CAPTURE_AUTORELEASING = YES;
				CLANG_WARN_BOOL_CONVERSION = YES;
				CLANG_WARN_COMMA = YES;
				CLANG_WARN_CONSTANT_CONVERSION = YES;
				CLANG_WARN_DEPRECATED_OBJC_IMPLEMENTATIONS = YES;
				CLANG_WARN_DIRECT_OBJC_ISA_USAGE = YES_ERROR;
				CLANG_WARN_DOCUMENTATION_COMMENTS = YES;
				CLANG_WARN_EMPTY_BODY = YES;
				CLANG_WARN_ENUM_CONVERSION = YES;
				CLANG_WARN_INFINITE_RECURSION = YES;
				CLANG_WARN_INT_CONVERSION = YES;
				CLANG_WARN_NON_LITERAL_NULL_CONVERSION = YES;
				CLANG_WARN_OBJC_IMPLICIT_RETAIN_SELF = YES;
				CLANG_WARN_OBJC_LITERAL_CONVERSION = YES;
				CLANG_WARN_OBJC_ROOT_CLASS = YES_ERROR;
				CLANG_WARN_QUOTED_INCLUDE_IN_FRAMEWORK_HEADER = YES;
				CLANG_WARN_RANGE_LOOP_ANALYSIS = YES;
				CLANG_WARN_STRICT_PROTOTYPES = YES;
				CLANG_WARN_SUSPICIOUS_MOVE = YES;
				CLANG_WARN_UNGUARDED_AVAILABILITY = YES_AGGRESSIVE;
				CLANG_WARN_UNREACHABLE_CODE = YES;
				CLANG_WARN__DUPLICATE_METHOD_MATCH = YES;
				COPY_PHASE_STRIP = NO;
				DEBUG_INFORMATION_FORMAT = dwarf;
				ENABLE_STRICT_OBJC_MSGSEND = YES;
				ENABLE_TESTABILITY = YES;
				GCC_C_LANGUAGE_STANDARD = gnu11;
				GCC_DYNAMIC_NO_PIC = NO;
				GCC_NO_COMMON_BLOCKS = YES;
				GCC_OPTIMIZATION_LEVEL = 0;
				GCC_PREPROCESSOR_DEFINITIONS = (
					"DEBUG=1",
					"$(inherited)",
				);
				GCC_WARN_64_TO_32_BIT_CONVERSION = YES;
				GCC_WARN_ABOUT_RETURN_TYPE = YES_ERROR;
				GCC_WARN_UNDECLARED_SELECTOR = YES;
				GCC_WARN_UNINITIALIZED_AUTOS = YES_AGGRESSIVE;
				GCC_WARN_UNUSED_FUNCTION = YES;
				GCC_WARN_UNUSED_VARIABLE = YES;
				IPHONEOS_DEPLOYMENT_TARGET = 14.0;
				MTL_ENABLE_DEBUG_INFO = INCLUDE_SOURCE;
				MTL_FAST_MATH = YES;
				ONLY_ACTIVE_ARCH = YES;
				SDKROOT = iphoneos;
				SWIFT_ACTIVE_COMPILATION_CONDITIONS = DEBUG;
				SWIFT_OPTIMIZATION_LEVEL = "-Onone";
			};
			name = Debug;
		};
		6050F91E26592EA400906B8D /* Release */ = {
			isa = XCBuildConfiguration;
			buildSettings = {
				ALWAYS_SEARCH_USER_PATHS = NO;
				CLANG_ANALYZER_NONNULL = YES;
				CLANG_ANALYZER_NUMBER_OBJECT_CONVERSION = YES_AGGRESSIVE;
				CLANG_CXX_LANGUAGE_STANDARD = "gnu++14";
				CLANG_CXX_LIBRARY = "libc++";
				CLANG_ENABLE_MODULES = YES;
				CLANG_ENABLE_OBJC_ARC = YES;
				CLANG_ENABLE_OBJC_WEAK = YES;
				CLANG_WARN_BLOCK_CAPTURE_AUTORELEASING = YES;
				CLANG_WARN_BOOL_CONVERSION = YES;
				CLANG_WARN_COMMA = YES;
				CLANG_WARN_CONSTANT_CONVERSION = YES;
				CLANG_WARN_DEPRECATED_OBJC_IMPLEMENTATIONS = YES;
				CLANG_WARN_DIRECT_OBJC_ISA_USAGE = YES_ERROR;
				CLANG_WARN_DOCUMENTATION_COMMENTS = YES;
				CLANG_WARN_EMPTY_BODY = YES;
				CLANG_WARN_ENUM_CONVERSION = YES;
				CLANG_WARN_INFINITE_RECURSION = YES;
				CLANG_WARN_INT_CONVERSION = YES;
				CLANG_WARN_NON_LITERAL_NULL_CONVERSION = YES;
				CLANG_WARN_OBJC_IMPLICIT_RETAIN_SELF = YES;
				CLANG_WARN_OBJC_LITERAL_CONVERSION = YES;
				CLANG_WARN_OBJC_ROOT_CLASS = YES_ERROR;
				CLANG_WARN_QUOTED_INCLUDE_IN_FRAMEWORK_HEADER = YES;
				CLANG_WARN_RANGE_LOOP_ANALYSIS = YES;
				CLANG_WARN_STRICT_PROTOTYPES = YES;
				CLANG_WARN_SUSPICIOUS_MOVE = YES;
				CLANG_WARN_UNGUARDED_AVAILABILITY = YES_AGGRESSIVE;
				CLANG_WARN_UNREACHABLE_CODE = YES;
				CLANG_WARN__DUPLICATE_METHOD_MATCH = YES;
				COPY_PHASE_STRIP = NO;
				DEBUG_INFORMATION_FORMAT = "dwarf-with-dsym";
				ENABLE_NS_ASSERTIONS = NO;
				ENABLE_STRICT_OBJC_MSGSEND = YES;
				GCC_C_LANGUAGE_STANDARD = gnu11;
				GCC_NO_COMMON_BLOCKS = YES;
				GCC_WARN_64_TO_32_BIT_CONVERSION = YES;
				GCC_WARN_ABOUT_RETURN_TYPE = YES_ERROR;
				GCC_WARN_UNDECLARED_SELECTOR = YES;
				GCC_WARN_UNINITIALIZED_AUTOS = YES_AGGRESSIVE;
				GCC_WARN_UNUSED_FUNCTION = YES;
				GCC_WARN_UNUSED_VARIABLE = YES;
				IPHONEOS_DEPLOYMENT_TARGET = 14.0;
				MTL_ENABLE_DEBUG_INFO = NO;
				MTL_FAST_MATH = YES;
				SDKROOT = iphoneos;
				SWIFT_COMPILATION_MODE = wholemodule;
				SWIFT_OPTIMIZATION_LEVEL = "-O";
				VALIDATE_PRODUCT = YES;
			};
			name = Release;
		};
		6050F92026592EA400906B8D /* Debug */ = {
			isa = XCBuildConfiguration;
			baseConfigurationReference = 992541F6663FEC36E9BDD0AC /* Pods-Ch02_Observable.debug.xcconfig */;
			buildSettings = {
				ASSETCATALOG_COMPILER_APPICON_NAME = AppIcon;
				ASSETCATALOG_COMPILER_GLOBAL_ACCENT_COLOR_NAME = AccentColor;
				CODE_SIGN_STYLE = Automatic;
				DEVELOPMENT_TEAM = 3K8FAYP34K;
				INFOPLIST_FILE = Ch02_Observable/Info.plist;
				LD_RUNPATH_SEARCH_PATHS = (
					"$(inherited)",
					"@executable_path/Frameworks",
				);
				PRODUCT_BUNDLE_IDENTIFIER = "Pingu.Ch02-Observable";
				PRODUCT_NAME = "$(TARGET_NAME)";
				SWIFT_VERSION = 5.0;
				TARGETED_DEVICE_FAMILY = "1,2";
			};
			name = Debug;
		};
		6050F92126592EA400906B8D /* Release */ = {
			isa = XCBuildConfiguration;
			baseConfigurationReference = 13EFFCC652463E61F00BAB3E /* Pods-Ch02_Observable.release.xcconfig */;
			buildSettings = {
				ASSETCATALOG_COMPILER_APPICON_NAME = AppIcon;
				ASSETCATALOG_COMPILER_GLOBAL_ACCENT_COLOR_NAME = AccentColor;
				CODE_SIGN_STYLE = Automatic;
				DEVELOPMENT_TEAM = 3K8FAYP34K;
				INFOPLIST_FILE = Ch02_Observable/Info.plist;
				LD_RUNPATH_SEARCH_PATHS = (
					"$(inherited)",
					"@executable_path/Frameworks",
				);
				PRODUCT_BUNDLE_IDENTIFIER = "Pingu.Ch02-Observable";
				PRODUCT_NAME = "$(TARGET_NAME)";
				SWIFT_VERSION = 5.0;
				TARGETED_DEVICE_FAMILY = "1,2";
			};
			name = Release;
		};
/* End XCBuildConfiguration section */

/* Begin XCConfigurationList section */
		6050F90626592EA400906B8D /* Build configuration list for PBXProject "Ch02_Observable" */ = {
			isa = XCConfigurationList;
			buildConfigurations = (
				6050F91D26592EA400906B8D /* Debug */,
				6050F91E26592EA400906B8D /* Release */,
			);
			defaultConfigurationIsVisible = 0;
			defaultConfigurationName = Release;
		};
		6050F91F26592EA400906B8D /* Build configuration list for PBXNativeTarget "Ch02_Observable" */ = {
			isa = XCConfigurationList;
			buildConfigurations = (
				6050F92026592EA400906B8D /* Debug */,
				6050F92126592EA400906B8D /* Release */,
			);
			defaultConfigurationIsVisible = 0;
			defaultConfigurationName = Release;
		};
/* End XCConfigurationList section */
	};
	rootObject = 6050F90326592EA400906B8D /* Project object */;
}
